
Microsoft Visual Studio Solution File, Format Version 12.00
# Visual Studio Version 16
VisualStudioVersion = 16.0.31410.357
MinimumVisualStudioVersion = 10.0.40219.1
Project("{9A19103F-16F7-4668-BE54-9A1E7A4F7556}") = "aws-step-function-dot-net-ex1", "aws-step-function-dot-net-ex1.csproj", "{B3E051F6-8A09-45AA-B81A-7C7248F0AB9A}"
EndProject
Global
	GlobalSection(SolutionConfigurationPlatforms) = preSolution
		Debug|Any CPU = Debug|Any CPU
		Release|Any CPU = Release|Any CPU
	EndGlobalSection
	GlobalSection(ProjectConfigurationPlatforms) = postSolution
		{B3E051F6-8A09-45AA-B81A-7C7248F0AB9A}.Debug|Any CPU.ActiveCfg = Debug|Any CPU
		{B3E051F6-8A09-45AA-B81A-7C7248F0AB9A}.Debug|Any CPU.Build.0 = Debug|Any CPU
		{B3E051F6-8A09-45AA-B81A-7C7248F0AB9A}.Release|Any CPU.ActiveCfg = Release|Any CPU
		{B3E051F6-8A09-45AA-B81A-7C7248F0AB9A}.Release|Any CPU.Build.0 = Release|Any CPU
	EndGlobalSection
	GlobalSection(SolutionProperties) = preSolution
		HideSolutionNode = FALSE
	EndGlobalSection
	GlobalSection(ExtensibilityGlobals) = postSolution
		SolutionGuid = {9BD17D81-DDEF-4C9A-BE2B-4B95C06F06D0}
	EndGlobalSection
EndGlobal
